
Microsoft Visual Studio Solution File, Format Version 12.00
# Visual Studio Version 16
VisualStudioVersion = 16.0.30413.136
MinimumVisualStudioVersion = 10.0.40219.1
Project("{9A19103F-16F7-4668-BE54-9A1E7A4F7556}") = "RedditAutomationTesting", "RedditAutomationTesting\RedditAutomationTesting.csproj", "{56C12FD3-34C8-4DDA-BF6B-D6354C9CF672}"
EndProject
Project("{9A19103F-16F7-4668-BE54-9A1E7A4F7556}") = "LovingHermannBdd", "LovingHermannBdd\LovingHermannBdd.csproj", "{73A4195D-DF54-4B32-8AD5-86663FFA6C28}"
EndProject
Project("{FAE04EC0-301F-11D3-BF4B-00C04F79EFBC}") = "BrowserStackHolder", "BrowserStackHolder\BrowserStackHolder.csproj", "{9EF46620-70D8-4C7C-9022-3A6B138332D6}"
EndProject
Global
	GlobalSection(SolutionConfigurationPlatforms) = preSolution
		Debug|Any CPU = Debug|Any CPU
		Release|Any CPU = Release|Any CPU
	EndGlobalSection
	GlobalSection(ProjectConfigurationPlatforms) = postSolution
		{56C12FD3-34C8-4DDA-BF6B-D6354C9CF672}.Debug|Any CPU.ActiveCfg = Debug|Any CPU
		{56C12FD3-34C8-4DDA-BF6B-D6354C9CF672}.Debug|Any CPU.Build.0 = Debug|Any CPU
		{56C12FD3-34C8-4DDA-BF6B-D6354C9CF672}.Release|Any CPU.ActiveCfg = Release|Any CPU
		{56C12FD3-34C8-4DDA-BF6B-D6354C9CF672}.Release|Any CPU.Build.0 = Release|Any CPU
		{73A4195D-DF54-4B32-8AD5-86663FFA6C28}.Debug|Any CPU.ActiveCfg = Debug|Any CPU
		{73A4195D-DF54-4B32-8AD5-86663FFA6C28}.Debug|Any CPU.Build.0 = Debug|Any CPU
		{73A4195D-DF54-4B32-8AD5-86663FFA6C28}.Release|Any CPU.ActiveCfg = Release|Any CPU
		{73A4195D-DF54-4B32-8AD5-86663FFA6C28}.Release|Any CPU.Build.0 = Release|Any CPU
		{9EF46620-70D8-4C7C-9022-3A6B138332D6}.Debug|Any CPU.ActiveCfg = Debug|Any CPU
		{9EF46620-70D8-4C7C-9022-3A6B138332D6}.Debug|Any CPU.Build.0 = Debug|Any CPU
		{9EF46620-70D8-4C7C-9022-3A6B138332D6}.Release|Any CPU.ActiveCfg = Release|Any CPU
		{9EF46620-70D8-4C7C-9022-3A6B138332D6}.Release|Any CPU.Build.0 = Release|Any CPU
	EndGlobalSection
	GlobalSection(SolutionProperties) = preSolution
		HideSolutionNode = FALSE
	EndGlobalSection
	GlobalSection(ExtensibilityGlobals) = postSolution
		SolutionGuid = {6D144A2A-E08A-4DAE-AD2C-1B578BE3A110}
	EndGlobalSection
EndGlobal
